
Microsoft Visual Studio Solution File, Format Version 12.00
# Visual Studio Version 16
VisualStudioVersion = 16.0.31424.327
MinimumVisualStudioVersion = 10.0.40219.1
Project("{FAE04EC0-301F-11D3-BF4B-00C04F79EFBC}") = "StockPurchaseDictionary", "StockPurchaseDictionary\StockPurchaseDictionary.csproj", "{58E75BBB-A454-4D70-AE19-93C1F0632538}"
EndProject
Global
	GlobalSection(SolutionConfigurationPlatforms) = preSolution
		Debug|Any CPU = Debug|Any CPU
		Release|Any CPU = Release|Any CPU
	EndGlobalSection
	GlobalSection(ProjectConfigurationPlatforms) = postSolution
		{58E75BBB-A454-4D70-AE19-93C1F0632538}.Debug|Any CPU.ActiveCfg = Debug|Any CPU
		{58E75BBB-A454-4D70-AE19-93C1F0632538}.Debug|Any CPU.Build.0 = Debug|Any CPU
		{58E75BBB-A454-4D70-AE19-93C1F0632538}.Release|Any CPU.ActiveCfg = Release|Any CPU
		{58E75BBB-A454-4D70-AE19-93C1F0632538}.Release|Any CPU.Build.0 = Release|Any CPU
	EndGlobalSection
	GlobalSection(SolutionProperties) = preSolution
		HideSolutionNode = FALSE
	EndGlobalSection
	GlobalSection(ExtensibilityGlobals) = postSolution
		SolutionGuid = {1A78A421-DC4A-4FC2-9B70-B19D0C4EC43A}
	EndGlobalSection
EndGlobal
